
Microsoft Visual Studio Solution File, Format Version 12.00
# Visual Studio Version 16
VisualStudioVersion = 16.0.30002.166
MinimumVisualStudioVersion = 10.0.40219.1
Project("{FAE04EC0-301F-11D3-BF4B-00C04F79EFBC}") = "Cicekci", "Cicekci.csproj", "{4265B7F4-63F0-4C1F-B2B8-3F0BF0C05C1E}"
EndProject
Global
	GlobalSection(SolutionConfigurationPlatforms) = preSolution
		Debug|Any CPU = Debug|Any CPU
		Release|Any CPU = Release|Any CPU
	EndGlobalSection
	GlobalSection(ProjectConfigurationPlatforms) = postSolution
		{4265B7F4-63F0-4C1F-B2B8-3F0BF0C05C1E}.Debug|Any CPU.ActiveCfg = Debug|Any CPU
		{4265B7F4-63F0-4C1F-B2B8-3F0BF0C05C1E}.Debug|Any CPU.Build.0 = Debug|Any CPU
		{4265B7F4-63F0-4C1F-B2B8-3F0BF0C05C1E}.Release|Any CPU.ActiveCfg = Release|Any CPU
		{4265B7F4-63F0-4C1F-B2B8-3F0BF0C05C1E}.Release|Any CPU.Build.0 = Release|Any CPU
	EndGlobalSection
	GlobalSection(SolutionProperties) = preSolution
		HideSolutionNode = FALSE
	EndGlobalSection
	GlobalSection(ExtensibilityGlobals) = postSolution
		SolutionGuid = {EABA2E5B-8338-48DB-B1FC-86C37D25BBBD}
	EndGlobalSection
EndGlobal
